
Microsoft Visual Studio Solution File, Format Version 12.00
# Visual Studio 15
VisualStudioVersion = 15.0.26730.12
MinimumVisualStudioVersion = 10.0.40219.1
Project("{FAE04EC0-301F-11D3-BF4B-00C04F79EFBC}") = "Modulzaro", "Modulzaro\Modulzaro.csproj", "{A6EDDABE-101C-4ACB-9C60-AF22DEE5D84A}"
EndProject
Project("{FAE04EC0-301F-11D3-BF4B-00C04F79EFBC}") = "Modulzaro.Test", "UnitTestProject1\Modulzaro.Test.csproj", "{5916E296-7D05-4536-96DF-04BED71F8001}"
EndProject
Global
	GlobalSection(SolutionConfigurationPlatforms) = preSolution
		Debug|Any CPU = Debug|Any CPU
		Release|Any CPU = Release|Any CPU
	EndGlobalSection
	GlobalSection(ProjectConfigurationPlatforms) = postSolution
		{A6EDDABE-101C-4ACB-9C60-AF22DEE5D84A}.Debug|Any CPU.ActiveCfg = Debug|Any CPU
		{A6EDDABE-101C-4ACB-9C60-AF22DEE5D84A}.Debug|Any CPU.Build.0 = Debug|Any CPU
		{A6EDDABE-101C-4ACB-9C60-AF22DEE5D84A}.Release|Any CPU.ActiveCfg = Release|Any CPU
		{A6EDDABE-101C-4ACB-9C60-AF22DEE5D84A}.Release|Any CPU.Build.0 = Release|Any CPU
		{5916E296-7D05-4536-96DF-04BED71F8001}.Debug|Any CPU.ActiveCfg = Debug|Any CPU
		{5916E296-7D05-4536-96DF-04BED71F8001}.Debug|Any CPU.Build.0 = Debug|Any CPU
		{5916E296-7D05-4536-96DF-04BED71F8001}.Release|Any CPU.ActiveCfg = Release|Any CPU
		{5916E296-7D05-4536-96DF-04BED71F8001}.Release|Any CPU.Build.0 = Release|Any CPU
	EndGlobalSection
	GlobalSection(SolutionProperties) = preSolution
		HideSolutionNode = FALSE
	EndGlobalSection
	GlobalSection(ExtensibilityGlobals) = postSolution
		SolutionGuid = {3942217D-DDD2-48EE-A6B6-C40E49280A96}
	EndGlobalSection
EndGlobal
